
Microsoft Visual Studio Solution File, Format Version 12.00
# Visual Studio 15
VisualStudioVersion = 15.0.28010.2046
MinimumVisualStudioVersion = 10.0.40219.1
Project("{FAE04EC0-301F-11D3-BF4B-00C04F79EFBC}") = "IncomeComparison", "IncomeComparison\IncomeComparison.csproj", "{60CAE702-5E98-47C6-8756-34968A1EA961}"
EndProject
Global
	GlobalSection(SolutionConfigurationPlatforms) = preSolution
		Debug|Any CPU = Debug|Any CPU
		Release|Any CPU = Release|Any CPU
	EndGlobalSection
	GlobalSection(ProjectConfigurationPlatforms) = postSolution
		{60CAE702-5E98-47C6-8756-34968A1EA961}.Debug|Any CPU.ActiveCfg = Debug|Any CPU
		{60CAE702-5E98-47C6-8756-34968A1EA961}.Debug|Any CPU.Build.0 = Debug|Any CPU
		{60CAE702-5E98-47C6-8756-34968A1EA961}.Release|Any CPU.ActiveCfg = Release|Any CPU
		{60CAE702-5E98-47C6-8756-34968A1EA961}.Release|Any CPU.Build.0 = Release|Any CPU
	EndGlobalSection
	GlobalSection(SolutionProperties) = preSolution
		HideSolutionNode = FALSE
	EndGlobalSection
	GlobalSection(ExtensibilityGlobals) = postSolution
		SolutionGuid = {6B02502E-0EFE-407B-B413-46CC4B745F99}
	EndGlobalSection
EndGlobal
