
Microsoft Visual Studio Solution File, Format Version 12.00
# Visual Studio 15
VisualStudioVersion = 15.0.28010.2046
MinimumVisualStudioVersion = 10.0.40219.1
Project("{FAE04EC0-301F-11D3-BF4B-00C04F79EFBC}") = "IterationExercises", "IterationExercises\IterationExercises.csproj", "{57D24B21-0E6E-4B58-A801-0E734DF06661}"
EndProject
Global
	GlobalSection(SolutionConfigurationPlatforms) = preSolution
		Debug|Any CPU = Debug|Any CPU
		Release|Any CPU = Release|Any CPU
	EndGlobalSection
	GlobalSection(ProjectConfigurationPlatforms) = postSolution
		{57D24B21-0E6E-4B58-A801-0E734DF06661}.Debug|Any CPU.ActiveCfg = Debug|Any CPU
		{57D24B21-0E6E-4B58-A801-0E734DF06661}.Debug|Any CPU.Build.0 = Debug|Any CPU
		{57D24B21-0E6E-4B58-A801-0E734DF06661}.Release|Any CPU.ActiveCfg = Release|Any CPU
		{57D24B21-0E6E-4B58-A801-0E734DF06661}.Release|Any CPU.Build.0 = Release|Any CPU
	EndGlobalSection
	GlobalSection(SolutionProperties) = preSolution
		HideSolutionNode = FALSE
	EndGlobalSection
	GlobalSection(ExtensibilityGlobals) = postSolution
		SolutionGuid = {92118557-CFCD-4A7D-8DD6-5420D177853D}
	EndGlobalSection
EndGlobal
