
Microsoft Visual Studio Solution File, Format Version 12.00
# Visual Studio 15
VisualStudioVersion = 15.0.28010.2046
MinimumVisualStudioVersion = 10.0.40219.1
Project("{FAE04EC0-301F-11D3-BF4B-00C04F79EFBC}") = "ExceptionHandling", "ExceptionHandling\ExceptionHandling.csproj", "{D634029A-524A-438C-AA34-E28A4CF354D0}"
EndProject
Global
	GlobalSection(SolutionConfigurationPlatforms) = preSolution
		Debug|Any CPU = Debug|Any CPU
		Release|Any CPU = Release|Any CPU
	EndGlobalSection
	GlobalSection(ProjectConfigurationPlatforms) = postSolution
		{D634029A-524A-438C-AA34-E28A4CF354D0}.Debug|Any CPU.ActiveCfg = Debug|Any CPU
		{D634029A-524A-438C-AA34-E28A4CF354D0}.Debug|Any CPU.Build.0 = Debug|Any CPU
		{D634029A-524A-438C-AA34-E28A4CF354D0}.Release|Any CPU.ActiveCfg = Release|Any CPU
		{D634029A-524A-438C-AA34-E28A4CF354D0}.Release|Any CPU.Build.0 = Release|Any CPU
	EndGlobalSection
	GlobalSection(SolutionProperties) = preSolution
		HideSolutionNode = FALSE
	EndGlobalSection
	GlobalSection(ExtensibilityGlobals) = postSolution
		SolutionGuid = {012E006D-A0C6-4F12-B567-450B339A189E}
	EndGlobalSection
EndGlobal
