
Microsoft Visual Studio Solution File, Format Version 12.00
# Visual Studio 15
VisualStudioVersion = 15.0.28010.2046
MinimumVisualStudioVersion = 10.0.40219.1
Project("{FAE04EC0-301F-11D3-BF4B-00C04F79EFBC}") = "PackageExpress", "PackageExpress\PackageExpress.csproj", "{5211E8B5-287C-4334-A5E2-9AAA513C064A}"
EndProject
Global
	GlobalSection(SolutionConfigurationPlatforms) = preSolution
		Debug|Any CPU = Debug|Any CPU
		Release|Any CPU = Release|Any CPU
	EndGlobalSection
	GlobalSection(ProjectConfigurationPlatforms) = postSolution
		{5211E8B5-287C-4334-A5E2-9AAA513C064A}.Debug|Any CPU.ActiveCfg = Debug|Any CPU
		{5211E8B5-287C-4334-A5E2-9AAA513C064A}.Debug|Any CPU.Build.0 = Debug|Any CPU
		{5211E8B5-287C-4334-A5E2-9AAA513C064A}.Release|Any CPU.ActiveCfg = Release|Any CPU
		{5211E8B5-287C-4334-A5E2-9AAA513C064A}.Release|Any CPU.Build.0 = Release|Any CPU
	EndGlobalSection
	GlobalSection(SolutionProperties) = preSolution
		HideSolutionNode = FALSE
	EndGlobalSection
	GlobalSection(ExtensibilityGlobals) = postSolution
		SolutionGuid = {E7C921D1-048D-4C31-8BB5-9E489CB465D8}
	EndGlobalSection
EndGlobal
