
Microsoft Visual Studio Solution File, Format Version 12.00
# Visual Studio 15
VisualStudioVersion = 15.0.28010.2046
MinimumVisualStudioVersion = 10.0.40219.1
Project("{FAE04EC0-301F-11D3-BF4B-00C04F79EFBC}") = "StringFunctions", "StringFunctions\StringFunctions.csproj", "{39A36E0E-1576-40E2-8A75-2781BDF3E877}"
EndProject
Global
	GlobalSection(SolutionConfigurationPlatforms) = preSolution
		Debug|Any CPU = Debug|Any CPU
		Release|Any CPU = Release|Any CPU
	EndGlobalSection
	GlobalSection(ProjectConfigurationPlatforms) = postSolution
		{39A36E0E-1576-40E2-8A75-2781BDF3E877}.Debug|Any CPU.ActiveCfg = Debug|Any CPU
		{39A36E0E-1576-40E2-8A75-2781BDF3E877}.Debug|Any CPU.Build.0 = Debug|Any CPU
		{39A36E0E-1576-40E2-8A75-2781BDF3E877}.Release|Any CPU.ActiveCfg = Release|Any CPU
		{39A36E0E-1576-40E2-8A75-2781BDF3E877}.Release|Any CPU.Build.0 = Release|Any CPU
	EndGlobalSection
	GlobalSection(SolutionProperties) = preSolution
		HideSolutionNode = FALSE
	EndGlobalSection
	GlobalSection(ExtensibilityGlobals) = postSolution
		SolutionGuid = {DCC6E7E7-3D82-42EF-A9F5-F0A04B5B5E3A}
	EndGlobalSection
EndGlobal
