
Microsoft Visual Studio Solution File, Format Version 12.00
# Visual Studio 15
VisualStudioVersion = 15.0.28010.2046
MinimumVisualStudioVersion = 10.0.40219.1
Project("{FAE04EC0-301F-11D3-BF4B-00C04F79EFBC}") = "VariableAndDataTypes", "VariableAndDataTypes\VariableAndDataTypes.csproj", "{DAD1982E-93AE-47DD-B530-6271B3E8506B}"
EndProject
Global
	GlobalSection(SolutionConfigurationPlatforms) = preSolution
		Debug|Any CPU = Debug|Any CPU
		Release|Any CPU = Release|Any CPU
	EndGlobalSection
	GlobalSection(ProjectConfigurationPlatforms) = postSolution
		{DAD1982E-93AE-47DD-B530-6271B3E8506B}.Debug|Any CPU.ActiveCfg = Debug|Any CPU
		{DAD1982E-93AE-47DD-B530-6271B3E8506B}.Debug|Any CPU.Build.0 = Debug|Any CPU
		{DAD1982E-93AE-47DD-B530-6271B3E8506B}.Release|Any CPU.ActiveCfg = Release|Any CPU
		{DAD1982E-93AE-47DD-B530-6271B3E8506B}.Release|Any CPU.Build.0 = Release|Any CPU
	EndGlobalSection
	GlobalSection(SolutionProperties) = preSolution
		HideSolutionNode = FALSE
	EndGlobalSection
	GlobalSection(ExtensibilityGlobals) = postSolution
		SolutionGuid = {01485BD0-48AC-494C-B5AC-F68FDA5EB234}
	EndGlobalSection
EndGlobal
