
Microsoft Visual Studio Solution File, Format Version 12.00
# Visual Studio 15
VisualStudioVersion = 15.0.28307.136
MinimumVisualStudioVersion = 10.0.40219.1
Project("{FAE04EC0-301F-11D3-BF4B-00C04F79EFBC}") = "ClassAndMethodExercises5", "ClassAndMethodExercises5\ClassAndMethodExercises5.csproj", "{F4B7461D-9825-41A0-9F0B-68220D72FD2E}"
EndProject
Global
	GlobalSection(SolutionConfigurationPlatforms) = preSolution
		Debug|Any CPU = Debug|Any CPU
		Release|Any CPU = Release|Any CPU
	EndGlobalSection
	GlobalSection(ProjectConfigurationPlatforms) = postSolution
		{F4B7461D-9825-41A0-9F0B-68220D72FD2E}.Debug|Any CPU.ActiveCfg = Debug|Any CPU
		{F4B7461D-9825-41A0-9F0B-68220D72FD2E}.Debug|Any CPU.Build.0 = Debug|Any CPU
		{F4B7461D-9825-41A0-9F0B-68220D72FD2E}.Release|Any CPU.ActiveCfg = Release|Any CPU
		{F4B7461D-9825-41A0-9F0B-68220D72FD2E}.Release|Any CPU.Build.0 = Release|Any CPU
	EndGlobalSection
	GlobalSection(SolutionProperties) = preSolution
		HideSolutionNode = FALSE
	EndGlobalSection
	GlobalSection(ExtensibilityGlobals) = postSolution
		SolutionGuid = {06BD4A04-CA1D-4B51-B8C4-F90D96A71B24}
	EndGlobalSection
EndGlobal
