
Microsoft Visual Studio Solution File, Format Version 12.00
# Visual Studio 15
VisualStudioVersion = 15.0.28010.2046
MinimumVisualStudioVersion = 10.0.40219.1
Project("{FAE04EC0-301F-11D3-BF4B-00C04F79EFBC}") = "ClassAndMethodExercise2", "ClassAndMethodExercise2\ClassAndMethodExercise2.csproj", "{8CBF20C3-8846-4924-910B-31F6E633C8EB}"
EndProject
Global
	GlobalSection(SolutionConfigurationPlatforms) = preSolution
		Debug|Any CPU = Debug|Any CPU
		Release|Any CPU = Release|Any CPU
	EndGlobalSection
	GlobalSection(ProjectConfigurationPlatforms) = postSolution
		{8CBF20C3-8846-4924-910B-31F6E633C8EB}.Debug|Any CPU.ActiveCfg = Debug|Any CPU
		{8CBF20C3-8846-4924-910B-31F6E633C8EB}.Debug|Any CPU.Build.0 = Debug|Any CPU
		{8CBF20C3-8846-4924-910B-31F6E633C8EB}.Release|Any CPU.ActiveCfg = Release|Any CPU
		{8CBF20C3-8846-4924-910B-31F6E633C8EB}.Release|Any CPU.Build.0 = Release|Any CPU
	EndGlobalSection
	GlobalSection(SolutionProperties) = preSolution
		HideSolutionNode = FALSE
	EndGlobalSection
	GlobalSection(ExtensibilityGlobals) = postSolution
		SolutionGuid = {7B7DCC61-579F-48C4-B25A-16A92B476C7D}
	EndGlobalSection
EndGlobal
